# This file was autogenerated by Stack.
# You should not edit this file by hand.
# For more information, please see the documentation at:
#   https://docs.haskellstack.org/en/stable/lock_files

packages:
- completed:
    hackage: Agda-2.6.4.3@sha256:a8066d4b15827534d118846e98fd47bb9aadeb75e3d3b1f2c3bda8f5885c3f7c,29246
    pantry-tree:
      sha256: 8ec7c974decac30ceb45e9d728cf8b70b6da671dd80fe362e7e1fd4f0fcae77d
      size: 42904
  original:
    hackage: Agda-2.6.4.3
snapshots:
- completed:
    sha256: 5a59b2a405b3aba3c00188453be172b85893cab8ebc352b1ef58b0eae5d248a2
    size: 650475
    url: https://raw.githubusercontent.com/commercialhaskell/stackage-snapshots/master/lts/20/26.yaml
  original: lts-20.26
