# This file was autogenerated by Stack.
# You should not edit this file by hand.
# For more information, please see the documentation at:
#   https://docs.haskellstack.org/en/stable/lock_files

packages:
- completed:
    hackage: Agda-2.6.2.2@sha256:b69c2f317db2886cb387134af00a3e42a06fab6422686938797924d034255a55,37047
    pantry-tree:
      sha256: 2f868d8f70a0f6bdbe96eff66ba1ec7a76b398cfc44dc57be525d7a67a44c9ab
      size: 40002
  original:
    hackage: Agda-2.6.2.2
snapshots:
- completed:
    sha256: 5a59b2a405b3aba3c00188453be172b85893cab8ebc352b1ef58b0eae5d248a2
    size: 650475
    url: https://raw.githubusercontent.com/commercialhaskell/stackage-snapshots/master/lts/20/26.yaml
  original: lts-20.26
