# This file was autogenerated by Stack.
# You should not edit this file by hand.
# For more information, please see the documentation at:
#   https://docs.haskellstack.org/en/stable/lock_files

packages:
- completed:
    hackage: Agda-2.6.4@sha256:298bc3b261ad034bf4ee788834a4d296aa5c2f6ea17ac4bef44e3daea53a7cd8,28443
    pantry-tree:
      sha256: 6c811b2ff8aa666ba301666e87d9234993d841dd370d47f8398379cd943e47bb
      size: 42645
  original:
    hackage: Agda-2.6.4
snapshots:
- completed:
    sha256: 5a59b2a405b3aba3c00188453be172b85893cab8ebc352b1ef58b0eae5d248a2
    size: 650475
    url: https://raw.githubusercontent.com/commercialhaskell/stackage-snapshots/master/lts/20/26.yaml
  original: lts-20.26
